
Microsoft Visual Studio Solution File, Format Version 12.00
Project("{FAE04EC0-301F-11D3-BF4B-00C04F79EFBC}") = "TP-3", "TP-3\TP-3.csproj", "{9ED73868-79C3-4663-9B2A-716256F0F752}"
EndProject
Global
	GlobalSection(SolutionConfigurationPlatforms) = preSolution
		Debug|Any CPU = Debug|Any CPU
		Release|Any CPU = Release|Any CPU
	EndGlobalSection
	GlobalSection(ProjectConfigurationPlatforms) = postSolution
		{9ED73868-79C3-4663-9B2A-716256F0F752}.Debug|Any CPU.ActiveCfg = Debug|Any CPU
		{9ED73868-79C3-4663-9B2A-716256F0F752}.Debug|Any CPU.Build.0 = Debug|Any CPU
		{9ED73868-79C3-4663-9B2A-716256F0F752}.Release|Any CPU.ActiveCfg = Release|Any CPU
		{9ED73868-79C3-4663-9B2A-716256F0F752}.Release|Any CPU.Build.0 = Release|Any CPU
	EndGlobalSection
EndGlobal
